
Microsoft Visual Studio Solution File, Format Version 12.00
# Visual Studio 2012
Project("{FAE04EC0-301F-11D3-BF4B-00C04F79EFBC}") = "Ask3po.Web", "Ask3po.Web\Ask3po.Web.csproj", "{C44066E1-9548-427C-81E6-95732D5A8ECD}"
EndProject
Global
	GlobalSection(SolutionConfigurationPlatforms) = preSolution
		Debug|Any CPU = Debug|Any CPU
		Release|Any CPU = Release|Any CPU
	EndGlobalSection
	GlobalSection(ProjectConfigurationPlatforms) = postSolution
		{C44066E1-9548-427C-81E6-95732D5A8ECD}.Debug|Any CPU.ActiveCfg = Debug|Any CPU
		{C44066E1-9548-427C-81E6-95732D5A8ECD}.Debug|Any CPU.Build.0 = Debug|Any CPU
		{C44066E1-9548-427C-81E6-95732D5A8ECD}.Release|Any CPU.ActiveCfg = Release|Any CPU
		{C44066E1-9548-427C-81E6-95732D5A8ECD}.Release|Any CPU.Build.0 = Release|Any CPU
	EndGlobalSection
	GlobalSection(SolutionProperties) = preSolution
		HideSolutionNode = FALSE
	EndGlobalSection
EndGlobal
